{
  "name": "gridsome-plugin-sentry",
  "version": "1.0.0",
  "lockfileVersion": 1,
  "requires": true,
  "dependencies": {
    "@sentry/browser": {
      "version": "5.5.0",
      "resolved": "https://registry.npmjs.org/@sentry/browser/-/browser-5.5.0.tgz",
      "integrity": "sha512-QZw4EXK47Qp9Q+vNpL5H4P4tYyfAN8qpWWeLIM0RDiNLlOugTVUdkfkeNTEJZ9VlqJ5RLx/2G/PITG4R6pwh/A==",
      "requires": {
        "@sentry/core": "5.5.0",
        "@sentry/types": "5.5.0",
        "@sentry/utils": "5.5.0",
        "tslib": "^1.9.3"
      }
    },
    "@sentry/core": {
      "version": "5.5.0",
      "resolved": "https://registry.npmjs.org/@sentry/core/-/core-5.5.0.tgz",
      "integrity": "sha512-xOcBud0t5mfhFdyd2tQQti4uuWSrLiJihpXzxeRpdCfk2ic+xmpeQs3G4UqnluvQDc48ug/Igt7LXfSBRBx4eg==",
      "requires": {
        "@sentry/hub": "5.5.0",
        "@sentry/minimal": "5.5.0",
        "@sentry/types": "5.5.0",
        "@sentry/utils": "5.5.0",
        "tslib": "^1.9.3"
      }
    },
    "@sentry/hub": {
      "version": "5.5.0",
      "resolved": "https://registry.npmjs.org/@sentry/hub/-/hub-5.5.0.tgz",
      "integrity": "sha512-+jKh5U1nv8ufoquGciWoZPOmKuEjFPH5m0VifCs6t3NcEbAq2qnfF26KUGqhUNznlUN/PkbWB4qMfKn14uNE2Q==",
      "requires": {
        "@sentry/types": "5.5.0",
        "@sentry/utils": "5.5.0",
        "tslib": "^1.9.3"
      }
    },
    "@sentry/integrations": {
      "version": "5.5.0",
      "resolved": "https://registry.npmjs.org/@sentry/integrations/-/integrations-5.5.0.tgz",
      "integrity": "sha512-27B2CZEER50h5BIA7z32Cg80oD4UsVrreKglqpHLrhKhJ7KpoY3VhlEIEsoGclUyNuLXs1KtI0Op33EsgUpCxA==",
      "requires": {
        "@sentry/types": "5.5.0",
        "@sentry/utils": "5.5.0",
        "tslib": "^1.9.3"
      }
    },
    "@sentry/minimal": {
      "version": "5.5.0",
      "resolved": "https://registry.npmjs.org/@sentry/minimal/-/minimal-5.5.0.tgz",
      "integrity": "sha512-o6O30+/pNrO7fTgwKxgZynHB7cMScJlw9HXgnNXgLXS6LBiqjYCQfVnWAgV//SyyG0uUlcjH3P6PnV6TsJOmVQ==",
      "requires": {
        "@sentry/hub": "5.5.0",
        "@sentry/types": "5.5.0",
        "tslib": "^1.9.3"
      }
    },
    "@sentry/types": {
      "version": "5.5.0",
      "resolved": "https://registry.npmjs.org/@sentry/types/-/types-5.5.0.tgz",
      "integrity": "sha512-3otF/miVDth91o+iign00x0o31McUPeyIFbMjLbgeTRRW9rXpu2jGrcRrvHfofECtoqCf5Y734hwvvlBvFZeIw=="
    },
    "@sentry/utils": {
      "version": "5.5.0",
      "resolved": "https://registry.npmjs.org/@sentry/utils/-/utils-5.5.0.tgz",
      "integrity": "sha512-gO8Bs/QcKDn7ncc2f2fIOTPx2AiZKrGj4us1Yxu6mBU8JZqMQRl9XjDMFAUECJQvquBAta+TFJyYj71ZedeQUQ==",
      "requires": {
        "@sentry/types": "5.5.0",
        "tslib": "^1.9.3"
      }
    },
    "tslib": {
      "version": "1.10.0",
      "resolved": "https://registry.npmjs.org/tslib/-/tslib-1.10.0.tgz",
      "integrity": "sha512-qOebF53frne81cf0S9B41ByenJ3/IuH8yJKngAX35CmiZySA0khhkovshKK+jGCaMnVomla7gVlIcc3EvKPbTQ=="
    }
  }
}
